
Microsoft Visual Studio Solution File, Format Version 12.00
# Visual Studio Version 16
VisualStudioVersion = 16.0.29215.179
MinimumVisualStudioVersion = 10.0.40219.1
Project("{FAE04EC0-301F-11D3-BF4B-00C04F79EFBC}") = "NetCoreWebApi", "NetCoreWebApi\NetCoreWebApi.csproj", "{73A647D6-C90B-4340-80EE-8AF9D7C1A594}"
EndProject
Project("{FAE04EC0-301F-11D3-BF4B-00C04F79EFBC}") = "NetCoreWebApi.UnitTests", "NetCoreWebApi.UnitTests\NetCoreWebApi.UnitTests.csproj", "{CE8DEA29-F330-435A-93DC-F6F2453999E6}"
EndProject
Global
	GlobalSection(SolutionConfigurationPlatforms) = preSolution
		Debug|Any CPU = Debug|Any CPU
		Release|Any CPU = Release|Any CPU
	EndGlobalSection
	GlobalSection(ProjectConfigurationPlatforms) = postSolution
		{73A647D6-C90B-4340-80EE-8AF9D7C1A594}.Debug|Any CPU.ActiveCfg = Debug|Any CPU
		{73A647D6-C90B-4340-80EE-8AF9D7C1A594}.Debug|Any CPU.Build.0 = Debug|Any CPU
		{73A647D6-C90B-4340-80EE-8AF9D7C1A594}.Release|Any CPU.ActiveCfg = Release|Any CPU
		{73A647D6-C90B-4340-80EE-8AF9D7C1A594}.Release|Any CPU.Build.0 = Release|Any CPU
		{CE8DEA29-F330-435A-93DC-F6F2453999E6}.Debug|Any CPU.ActiveCfg = Debug|Any CPU
		{CE8DEA29-F330-435A-93DC-F6F2453999E6}.Debug|Any CPU.Build.0 = Debug|Any CPU
		{CE8DEA29-F330-435A-93DC-F6F2453999E6}.Release|Any CPU.ActiveCfg = Release|Any CPU
		{CE8DEA29-F330-435A-93DC-F6F2453999E6}.Release|Any CPU.Build.0 = Release|Any CPU
	EndGlobalSection
	GlobalSection(SolutionProperties) = preSolution
		HideSolutionNode = FALSE
	EndGlobalSection
	GlobalSection(ExtensibilityGlobals) = postSolution
		SolutionGuid = {8CC7970A-9490-4232-8F11-C7DF5D47D483}
	EndGlobalSection
EndGlobal
